PODS:
  - Flutter (1.0.0)
  - flutter_local_notifications (0.0.1):
    - Flutter
  - health_kit_reporter (2.1.0):
    - Flutter
    - HealthKitReporter (= 3.1.0)
  - HealthKitReporter (3.1.0)
  - shared_preferences_foundation (0.0.1):
    - Flutter
    - FlutterMacOS
  - sqflite_darwin (0.0.4):
    - Flutter
    - FlutterMacOS

DEPENDENCIES:
  - Flutter (from `Flutter`)
  - flutter_local_notifications (from `.symlinks/plugins/flutter_local_notifications/ios`)
  - health_kit_reporter (from `.symlinks/plugins/health_kit_reporter/ios`)
  - HealthKitReporter (from `https://github.com/quentinleguennec/HealthKitReporter`, branch `feature_add_clinical_records`, tag `3.1.0`)
  - shared_preferences_foundation (from `.symlinks/plugins/shared_preferences_foundation/darwin`)
  - sqflite_darwin (from `.symlinks/plugins/sqflite_darwin/darwin`)

EXTERNAL SOURCES:
  Flutter:
    :path: Flutter
  flutter_local_notifications:
    :path: ".symlinks/plugins/flutter_local_notifications/ios"
  health_kit_reporter:
    :path: ".symlinks/plugins/health_kit_reporter/ios"
  HealthKitReporter:
    :branch: feature_add_clinical_records
    :git: https://github.com/quentinleguennec/HealthKitReporter
    :tag: 3.1.0
  shared_preferences_foundation:
    :path: ".symlinks/plugins/shared_preferences_foundation/darwin"
  sqflite_darwin:
    :path: ".symlinks/plugins/sqflite_darwin/darwin"

CHECKOUT OPTIONS:
  HealthKitReporter:
    :commit: d45b580af1a86088297413cae766c2d72c6d516e
    :git: https://github.com/quentinleguennec/HealthKitReporter
    :tag: 3.1.0

SPEC CHECKSUMS:
  Flutter: e0871f40cf51350855a761d2e70bf5af5b9b5de7
  flutter_local_notifications: ff50f8405aaa0ccdc7dcfb9022ca192e8ad9688f
  health_kit_reporter: f6e13538b33edf31bd01a98bcedcfbb38ed8cac6
  HealthKitReporter: 4fae728be1afa52c4833d4cfb9835b368bfc89e6
  shared_preferences_foundation: fcdcbc04712aee1108ac7fda236f363274528f78
  sqflite_darwin: 5a7236e3b501866c1c9befc6771dfd73ffb8702d

PODFILE CHECKSUM: 1889de476e99ab1321e8cfcbb6ee5c188827da99

COCOAPODS: 1.16.2
