PODS:
  - Flutter (1.0.0)
  - flutter_local_notifications (0.0.1):
    - Flutter
  - health_kit_reporter (2.1.1):
    - Flutter
    - HealthKitReporter (= 3.1.3)
  - HealthKitReporter (3.1.3)
  - shared_preferences_foundation (0.0.1):
    - Flutter
    - FlutterMacOS
  - sqflite_darwin (0.0.4):
    - Flutter
    - FlutterMacOS

DEPENDENCIES:
  - Flutter (from `Flutter`)
  - flutter_local_notifications (from `.symlinks/plugins/flutter_local_notifications/ios`)
  - health_kit_reporter (from `.symlinks/plugins/health_kit_reporter/ios`)
  - HealthKitReporter (from `https://github.com/zrj1884/HealthKitReporter`, tag `3.1.3`)
  - shared_preferences_foundation (from `.symlinks/plugins/shared_preferences_foundation/darwin`)
  - sqflite_darwin (from `.symlinks/plugins/sqflite_darwin/darwin`)

EXTERNAL SOURCES:
  Flutter:
    :path: Flutter
  flutter_local_notifications:
    :path: ".symlinks/plugins/flutter_local_notifications/ios"
  health_kit_reporter:
    :path: ".symlinks/plugins/health_kit_reporter/ios"
  HealthKitReporter:
    :git: https://github.com/zrj1884/HealthKitReporter
    :tag: 3.1.3
  shared_preferences_foundation:
    :path: ".symlinks/plugins/shared_preferences_foundation/darwin"
  sqflite_darwin:
    :path: ".symlinks/plugins/sqflite_darwin/darwin"

CHECKOUT OPTIONS:
  HealthKitReporter:
    :git: https://github.com/zrj1884/HealthKitReporter
    :tag: 3.1.3

SPEC CHECKSUMS:
  Flutter: e0871f40cf51350855a761d2e70bf5af5b9b5de7
  flutter_local_notifications: ff50f8405aaa0ccdc7dcfb9022ca192e8ad9688f
  health_kit_reporter: a03664e127603e4d49951cf558e7753aedeb8122
  HealthKitReporter: ed9087e93f89fb3626c186d4701ab01c12f0c29f
  shared_preferences_foundation: fcdcbc04712aee1108ac7fda236f363274528f78
  sqflite_darwin: 5a7236e3b501866c1c9befc6771dfd73ffb8702d

PODFILE CHECKSUM: 32f56a190abdcc485094344ea962085a6a1b5c9d

COCOAPODS: 1.16.2
